
Microsoft Visual Studio Solution File, Format Version 12.00
# Visual Studio Version 17
VisualStudioVersion = 17.2.32616.157
MinimumVisualStudioVersion = 10.0.40219.1
Project("{FAE04EC0-301F-11D3-BF4B-00C04F79EFBC}") = "NoResetMod", "NoResetMod.csproj", "{1EEF6DBF-270A-4540-A540-DCCE83003543}"
EndProject
Project("{2150E333-8FDC-42A3-9474-1A3956D46DE8}") = "Solution Items", "Solution Items", "{98154023-4DCA-41AF-989B-D1260E245FD4}"
EndProject
Global
	GlobalSection(SolutionConfigurationPlatforms) = preSolution
		Debug|Any CPU = Debug|Any CPU
		Release|Any CPU = Release|Any CPU
	EndGlobalSection
	GlobalSection(ProjectConfigurationPlatforms) = postSolution
		{1EEF6DBF-270A-4540-A540-DCCE83003543}.Debug|Any CPU.ActiveCfg = Debug|Any CPU
		{1EEF6DBF-270A-4540-A540-DCCE83003543}.Debug|Any CPU.Build.0 = Debug|Any CPU
		{1EEF6DBF-270A-4540-A540-DCCE83003543}.Release|Any CPU.ActiveCfg = Release|Any CPU
		{1EEF6DBF-270A-4540-A540-DCCE83003543}.Release|Any CPU.Build.0 = Release|Any CPU
	EndGlobalSection
	GlobalSection(SolutionProperties) = preSolution
		HideSolutionNode = FALSE
	EndGlobalSection
	GlobalSection(ExtensibilityGlobals) = postSolution
		SolutionGuid = {76C77456-6439-43D3-A7E1-CEBD10942C01}
	EndGlobalSection
EndGlobal
